
Microsoft Visual Studio Solution File, Format Version 12.00
# Visual Studio 15
VisualStudioVersion = 15.0.26430.12
MinimumVisualStudioVersion = 10.0.40219.1
Project("{FAE04EC0-301F-11D3-BF4B-00C04F79EFBC}") = "Quatro", "Quatro\Quatro.csproj", "{473F7662-017D-43ED-8FFE-5DFAB9E7E286}"
EndProject
Global
	GlobalSection(SolutionConfigurationPlatforms) = preSolution
		Debug|Any CPU = Debug|Any CPU
		Release|Any CPU = Release|Any CPU
	EndGlobalSection
	GlobalSection(ProjectConfigurationPlatforms) = postSolution
		{473F7662-017D-43ED-8FFE-5DFAB9E7E286}.Debug|Any CPU.ActiveCfg = Debug|Any CPU
		{473F7662-017D-43ED-8FFE-5DFAB9E7E286}.Debug|Any CPU.Build.0 = Debug|Any CPU
		{473F7662-017D-43ED-8FFE-5DFAB9E7E286}.Release|Any CPU.ActiveCfg = Release|Any CPU
		{473F7662-017D-43ED-8FFE-5DFAB9E7E286}.Release|Any CPU.Build.0 = Release|Any CPU
	EndGlobalSection
	GlobalSection(SolutionProperties) = preSolution
		HideSolutionNode = FALSE
	EndGlobalSection
EndGlobal
